// !$*UTF8*$!
{
	archiveVersion = 1;
	classes = {
	};
	objectVersion = 46;
	objects = {

/* Begin PBXBuildFile section */
		A72BCC1C1264198B00B5F410 /* UIKit.framework in Frameworks */ = {isa = PBXBuildFile; fileRef = A72BCC1B1264198B00B5F410 /* UIKit.framework */; };
		A72BCC1E1264198B00B5F410 /* Foundation.framework in Frameworks */ = {isa = PBXBuildFile; fileRef = A72BCC1D1264198B00B5F410 /* Foundation.framework */; };
		A72BCC201264198B00B5F410 /* CoreGraphics.framework in Frameworks */ = {isa = PBXBuildFile; fileRef = A72BCC1F1264198B00B5F410 /* CoreGraphics.framework */; };
		A72BCC251264198B00B5F410 /* InfoPlist.strings in Resources */ = {isa = PBXBuildFile; fileRef = A72BCC231264198B00B5F410 /* InfoPlist.strings */; };
		A72BCC271264198B00B5F410 /* main.m in Sources */ = {isa = PBXBuildFile; fileRef = A72BCC261264198B00B5F410 /* main.m */; };
		A72BCC2A1264198B00B5F410 /* NeverSnoozeAppDelegate.m in Sources */ = {isa = PBXBuildFile; fileRef = A72BCC291264198B00B5F410 /* NeverSnoozeAppDelegate.m */; };
		A72BCC2D1264198C00B5F410 /* MainWindow.xib in Resources */ = {isa = PBXBuildFile; fileRef = A72BCC2B1264198C00B5F410 /* MainWindow.xib */; };
		A72BCC391264198C00B5F410 /* ClockView.xib in Resources */ = {isa = PBXBuildFile; fileRef = A72BCC371264198C00B5F410 /* ClockView.xib */; };
		A72BCC48126419D700B5F410 /* 11-clock.png in Resources */ = {isa = PBXBuildFile; fileRef = A72BCC45126419D700B5F410 /* 11-clock.png */; };
		A72BCC49126419D700B5F410 /* 20-gear2.png in Resources */ = {isa = PBXBuildFile; fileRef = A72BCC46126419D700B5F410 /* 20-gear2.png */; };
		A72BCC4A126419D700B5F410 /* 78-stopwatch.png in Resources */ = {isa = PBXBuildFile; fileRef = A72BCC47126419D700B5F410 /* 78-stopwatch.png */; };
		A73A41FF126E392F009BC468 /* AlarmListController.m in Sources */ = {isa = PBXBuildFile; fileRef = A73A41FE126E392F009BC468 /* AlarmListController.m */; };
		A78346551288EF3F004CF24D /* bg.png in Resources */ = {isa = PBXBuildFile; fileRef = A78346541288EF3F004CF24D /* bg.png */; };
		A78346601288F326004CF24D /* alarmbg.png in Resources */ = {isa = PBXBuildFile; fileRef = A783465F1288F326004CF24D /* alarmbg.png */; };
		A796723A128725C6003A3C9D /* Alarms.plist in Resources */ = {isa = PBXBuildFile; fileRef = A7967239128725C6003A3C9D /* Alarms.plist */; };
		A796730D12878412003A3C9D /* EditableDetailCell.m in Sources */ = {isa = PBXBuildFile; fileRef = A796730C12878412003A3C9D /* EditableDetailCell.m */; };
		A79673CA1287AD9E003A3C9D /* alarm_clock_2.wav in Resources */ = {isa = PBXBuildFile; fileRef = A79673C91287AD9E003A3C9D /* alarm_clock_2.wav */; };
		A7985968128CF0780020B9B3 /* AudioToolbox.framework in Frameworks */ = {isa = PBXBuildFile; fileRef = A7985967128CF0780020B9B3 /* AudioToolbox.framework */; };
		A798597C128CF4660020B9B3 /* AVFoundation.framework in Frameworks */ = {isa = PBXBuildFile; fileRef = A798597B128CF4660020B9B3 /* AVFoundation.framework */; };
		A7AD8DCC1285F4B200D4E145 /* Alarm.m in Sources */ = {isa = PBXBuildFile; fileRef = A7AD8DCB1285F4B200D4E145 /* Alarm.m */; };
		A7AD8E2F1286127500D4E145 /* AlarmEditController.m in Sources */ = {isa = PBXBuildFile; fileRef = A7AD8E2E1286127500D4E145 /* AlarmEditController.m */; };
		A7D4F0E21287C0B800BFFED3 /* EquationViewController.m in Sources */ = {isa = PBXBuildFile; fileRef = A7D4F0E01287C0B800BFFED3 /* EquationViewController.m */; };
		A7D4F0E31287C0B800BFFED3 /* EquationViewController.xib in Resources */ = {isa = PBXBuildFile; fileRef = A7D4F0E11287C0B800BFFED3 /* EquationViewController.xib */; };
		A7D4F0F71287CEA000BFFED3 /* RandomEquation.m in Sources */ = {isa = PBXBuildFile; fileRef = A7D4F0F61287CEA000BFFED3 /* RandomEquation.m */; };
		A7DBAB5012898F6E000F6CCA /* re.png in Resources */ = {isa = PBXBuildFile; fileRef = A7DBAB4B12898F6E000F6CCA /* re.png */; };
		A7DBAB5112898F6E000F6CCA /* renewequation.png in Resources */ = {isa = PBXBuildFile; fileRef = A7DBAB4C12898F6E000F6CCA /* renewequation.png */; };
		A7DBAB5212898F6E000F6CCA /* renotepad.png in Resources */ = {isa = PBXBuildFile; fileRef = A7DBAB4D12898F6E000F6CCA /* renotepad.png */; };
		A7DBAB5312898F6E000F6CCA /* resolve.png in Resources */ = {isa = PBXBuildFile; fileRef = A7DBAB4E12898F6E000F6CCA /* resolve.png */; };
		A7DBAB5412898F6E000F6CCA /* resolvehover.png in Resources */ = {isa = PBXBuildFile; fileRef = A7DBAB4F12898F6E000F6CCA /* resolvehover.png */; };
		A7DBAB64128994A2000F6CCA /* reequationhover.png in Resources */ = {isa = PBXBuildFile; fileRef = A7DBAB63128994A2000F6CCA /* reequationhover.png */; };
		A7DBAB6D128B967C000F6CCA /* rebutton.png in Resources */ = {isa = PBXBuildFile; fileRef = A7DBAB6B128B967C000F6CCA /* rebutton.png */; };
		A7DBAB6E128B967C000F6CCA /* rebuttonhover.png in Resources */ = {isa = PBXBuildFile; fileRef = A7DBAB6C128B967C000F6CCA /* rebuttonhover.png */; };
		A7DBAB71128B9881000F6CCA /* redelete.png in Resources */ = {isa = PBXBuildFile; fileRef = A7DBAB6F128B9881000F6CCA /* redelete.png */; };
		A7DBAB72128B9881000F6CCA /* review.png in Resources */ = {isa = PBXBuildFile; fileRef = A7DBAB70128B9881000F6CCA /* review.png */; };
/* End PBXBuildFile section */

/* Begin PBXFileReference section */
		A72BCC181264198B00B5F410 /* NeverSnooze.app */ = {isa = PBXFileReference; explicitFileType = wrapper.application; includeInIndex = 0; path = NeverSnooze.app; sourceTree = BUILT_PRODUCTS_DIR; };
		A72BCC1B1264198B00B5F410 /* UIKit.framework */ = {isa = PBXFileReference; lastKnownFileType = wrapper.framework; name = UIKit.framework; path = System/Library/Frameworks/UIKit.framework; sourceTree = SDKROOT; };
		A72BCC1D1264198B00B5F410 /* Foundation.framework */ = {isa = PBXFileReference; lastKnownFileType = wrapper.framework; name = Foundation.framework; path = System/Library/Frameworks/Foundation.framework; sourceTree = SDKROOT; };
		A72BCC1F1264198B00B5F410 /* CoreGraphics.framework */ = {isa = PBXFileReference; lastKnownFileType = wrapper.framework; name = CoreGraphics.framework; path = System/Library/Frameworks/CoreGraphics.framework; sourceTree = SDKROOT; };
		A72BCC211264198B00B5F410 /* NeverSnooze-Info.plist */ = {isa = PBXFileReference; lastKnownFileType = text.plist.xml; path = "NeverSnooze-Info.plist"; sourceTree = "<group>"; };
		A72BCC221264198B00B5F410 /* NeverSnooze_Prefix.pch */ = {isa = PBXFileReference; lastKnownFileType = sourcecode.c.h; path = NeverSnooze_Prefix.pch; sourceTree = "<group>"; };
		A72BCC241264198B00B5F410 /* en */ = {isa = PBXFileReference; lastKnownFileType = text.plist.strings; name = en; path = en.lproj/InfoPlist.strings; sourceTree = "<group>"; };
		A72BCC261264198B00B5F410 /* main.m */ = {isa = PBXFileReference; lastKnownFileType = sourcecode.c.objc; path = main.m; sourceTree = "<group>"; };
		A72BCC281264198B00B5F410 /* NeverSnoozeAppDelegate.h */ = {isa = PBXFileReference; lastKnownFileType = sourcecode.c.h; path = NeverSnoozeAppDelegate.h; sourceTree = "<group>"; };
		A72BCC291264198B00B5F410 /* NeverSnoozeAppDelegate.m */ = {isa = PBXFileReference; lastKnownFileType = sourcecode.c.objc; path = NeverSnoozeAppDelegate.m; sourceTree = "<group>"; };
		A72BCC2C1264198C00B5F410 /* en */ = {isa = PBXFileReference; lastKnownFileType = file.xib; name = en; path = en.lproj/MainWindow.xib; sourceTree = "<group>"; };
		A72BCC381264198C00B5F410 /* ClockView.xib */ = {isa = PBXFileReference; lastKnownFileType = file.xib; name = ClockView.xib; path = en.lproj/ClockView.xib; sourceTree = "<group>"; };
		A72BCC45126419D700B5F410 /* 11-clock.png */ = {isa = PBXFileReference; lastKnownFileType = image.png; path = "11-clock.png"; sourceTree = "<group>"; };
		A72BCC46126419D700B5F410 /* 20-gear2.png */ = {isa = PBXFileReference; lastKnownFileType = image.png; path = "20-gear2.png"; sourceTree = "<group>"; };
		A72BCC47126419D700B5F410 /* 78-stopwatch.png */ = {isa = PBXFileReference; lastKnownFileType = image.png; path = "78-stopwatch.png"; sourceTree = "<group>"; };
		A73A41FD126E392F009BC468 /* AlarmListController.h */ = {isa = PBXFileReference; fileEncoding = 4; lastKnownFileType = sourcecode.c.h; name = AlarmListController.h; path = ../AlarmListController.h; sourceTree = "<group>"; };
		A73A41FE126E392F009BC468 /* AlarmListController.m */ = {isa = PBXFileReference; fileEncoding = 4; lastKnownFileType = sourcecode.c.objc; name = AlarmListController.m; path = ../AlarmListController.m; sourceTree = "<group>"; };
		A78346541288EF3F004CF24D /* bg.png */ = {isa = PBXFileReference; lastKnownFileType = image.png; path = bg.png; sourceTree = "<group>"; };
		A783465F1288F326004CF24D /* alarmbg.png */ = {isa = PBXFileReference; lastKnownFileType = image.png; path = alarmbg.png; sourceTree = "<group>"; };
		A7967239128725C6003A3C9D /* Alarms.plist */ = {isa = PBXFileReference; fileEncoding = 4; lastKnownFileType = text.plist.xml; path = Alarms.plist; sourceTree = "<group>"; };
		A796730B12878412003A3C9D /* EditableDetailCell.h */ = {isa = PBXFileReference; fileEncoding = 4; lastKnownFileType = sourcecode.c.h; path = EditableDetailCell.h; sourceTree = "<group>"; };
		A796730C12878412003A3C9D /* EditableDetailCell.m */ = {isa = PBXFileReference; fileEncoding = 4; lastKnownFileType = sourcecode.c.objc; path = EditableDetailCell.m; sourceTree = "<group>"; };
		A79673C91287AD9E003A3C9D /* alarm_clock_2.wav */ = {isa = PBXFileReference; lastKnownFileType = audio.wav; path = alarm_clock_2.wav; sourceTree = "<group>"; };
		A7985967128CF0780020B9B3 /* AudioToolbox.framework */ = {isa = PBXFileReference; lastKnownFileType = wrapper.framework; path = AudioToolbox.framework; sourceTree = "<group>"; };
		A798597B128CF4660020B9B3 /* AVFoundation.framework */ = {isa = PBXFileReference; lastKnownFileType = wrapper.framework; path = AVFoundation.framework; sourceTree = "<group>"; };
		A7AD8DCA1285F4B200D4E145 /* Alarm.h */ = {isa = PBXFileReference; fileEncoding = 4; lastKnownFileType = sourcecode.c.h; path = Alarm.h; sourceTree = "<group>"; };
		A7AD8DCB1285F4B200D4E145 /* Alarm.m */ = {isa = PBXFileReference; fileEncoding = 4; lastKnownFileType = sourcecode.c.objc; path = Alarm.m; sourceTree = "<group>"; };
		A7AD8E2D1286127500D4E145 /* AlarmEditController.h */ = {isa = PBXFileReference; fileEncoding = 4; lastKnownFileType = sourcecode.c.h; path = AlarmEditController.h; sourceTree = "<group>"; };
		A7AD8E2E1286127500D4E145 /* AlarmEditController.m */ = {isa = PBXFileReference; fileEncoding = 4; lastKnownFileType = sourcecode.c.objc; path = AlarmEditController.m; sourceTree = "<group>"; };
		A7D4F0DF1287C0B800BFFED3 /* EquationViewController.h */ = {isa = PBXFileReference; fileEncoding = 4; lastKnownFileType = sourcecode.c.h; name = EquationViewController.h; path = ../EquationViewController.h; sourceTree = "<group>"; };
		A7D4F0E01287C0B800BFFED3 /* EquationViewController.m */ = {isa = PBXFileReference; fileEncoding = 4; lastKnownFileType = sourcecode.c.objc; name = EquationViewController.m; path = ../EquationViewController.m; sourceTree = "<group>"; };
		A7D4F0E11287C0B800BFFED3 /* EquationViewController.xib */ = {isa = PBXFileReference; fileEncoding = 4; lastKnownFileType = file.xib; path = EquationViewController.xib; sourceTree = "<group>"; };
		A7D4F0F51287CEA000BFFED3 /* RandomEquation.h */ = {isa = PBXFileReference; fileEncoding = 4; lastKnownFileType = sourcecode.c.h; name = RandomEquation.h; path = ../RandomEquation.h; sourceTree = "<group>"; };
		A7D4F0F61287CEA000BFFED3 /* RandomEquation.m */ = {isa = PBXFileReference; fileEncoding = 4; lastKnownFileType = sourcecode.c.objc; name = RandomEquation.m; path = ../RandomEquation.m; sourceTree = "<group>"; };
		A7DBAB4B12898F6E000F6CCA /* re.png */ = {isa = PBXFileReference; lastKnownFileType = image.png; path = re.png; sourceTree = "<group>"; };
		A7DBAB4C12898F6E000F6CCA /* renewequation.png */ = {isa = PBXFileReference; lastKnownFileType = image.png; path = renewequation.png; sourceTree = "<group>"; };
		A7DBAB4D12898F6E000F6CCA /* renotepad.png */ = {isa = PBXFileReference; lastKnownFileType = image.png; path = renotepad.png; sourceTree = "<group>"; };
		A7DBAB4E12898F6E000F6CCA /* resolve.png */ = {isa = PBXFileReference; lastKnownFileType = image.png; path = resolve.png; sourceTree = "<group>"; };
		A7DBAB4F12898F6E000F6CCA /* resolvehover.png */ = {isa = PBXFileReference; lastKnownFileType = image.png; path = resolvehover.png; sourceTree = "<group>"; };
		A7DBAB63128994A2000F6CCA /* reequationhover.png */ = {isa = PBXFileReference; lastKnownFileType = image.png; path = reequationhover.png; sourceTree = "<group>"; };
		A7DBAB6B128B967C000F6CCA /* rebutton.png */ = {isa = PBXFileReference; lastKnownFileType = image.png; path = rebutton.png; sourceTree = "<group>"; };
		A7DBAB6C128B967C000F6CCA /* rebuttonhover.png */ = {isa = PBXFileReference; lastKnownFileType = image.png; path = rebuttonhover.png; sourceTree = "<group>"; };
		A7DBAB6F128B9881000F6CCA /* redelete.png */ = {isa = PBXFileReference; lastKnownFileType = image.png; path = redelete.png; sourceTree = "<group>"; };
		A7DBAB70128B9881000F6CCA /* review.png */ = {isa = PBXFileReference; lastKnownFileType = image.png; path = review.png; sourceTree = "<group>"; };
/* End PBXFileReference section */

/* Begin PBXFrameworksBuildPhase section */
		A72BCC151264198B00B5F410 /* Frameworks */ = {
			isa = PBXFrameworksBuildPhase;
			buildActionMask = 2147483647;
			files = (
				A798597C128CF4660020B9B3 /* AVFoundation.framework in Frameworks */,
				A7985968128CF0780020B9B3 /* AudioToolbox.framework in Frameworks */,
				A72BCC1C1264198B00B5F410 /* UIKit.framework in Frameworks */,
				A72BCC1E1264198B00B5F410 /* Foundation.framework in Frameworks */,
				A72BCC201264198B00B5F410 /* CoreGraphics.framework in Frameworks */,
			);
			runOnlyForDeploymentPostprocessing = 0;
		};
/* End PBXFrameworksBuildPhase section */

/* Begin PBXGroup section */
		A72BCC091264198B00B5F410 = {
			isa = PBXGroup;
			children = (
				A72BCC101264198B00B5F410 /* Classes */,
				A72BCC111264198B00B5F410 /* Other Sources */,
				A72BCC121264198B00B5F410 /* Resources */,
				A72BCC131264198B00B5F410 /* Frameworks */,
				A72BCC191264198B00B5F410 /* Products */,
			);
			sourceTree = "<group>";
		};
		A72BCC101264198B00B5F410 /* Classes */ = {
			isa = PBXGroup;
			children = (
				A7D4F0F51287CEA000BFFED3 /* RandomEquation.h */,
				A7D4F0F61287CEA000BFFED3 /* RandomEquation.m */,
				A796730B12878412003A3C9D /* EditableDetailCell.h */,
				A796730C12878412003A3C9D /* EditableDetailCell.m */,
				A72BCC281264198B00B5F410 /* NeverSnoozeAppDelegate.h */,
				A72BCC291264198B00B5F410 /* NeverSnoozeAppDelegate.m */,
				A7AD8E2D1286127500D4E145 /* AlarmEditController.h */,
				A7AD8E2E1286127500D4E145 /* AlarmEditController.m */,
				A73A41FD126E392F009BC468 /* AlarmListController.h */,
				A73A41FE126E392F009BC468 /* AlarmListController.m */,
				A7D4F0DF1287C0B800BFFED3 /* EquationViewController.h */,
				A7D4F0E01287C0B800BFFED3 /* EquationViewController.m */,
				A7AD8DCA1285F4B200D4E145 /* Alarm.h */,
				A7AD8DCB1285F4B200D4E145 /* Alarm.m */,
			);
			path = Classes;
			sourceTree = "<group>";
		};
		A72BCC111264198B00B5F410 /* Other Sources */ = {
			isa = PBXGroup;
			children = (
				A72BCC221264198B00B5F410 /* NeverSnooze_Prefix.pch */,
				A72BCC261264198B00B5F410 /* main.m */,
			);
			name = "Other Sources";
			sourceTree = "<group>";
		};
		A72BCC121264198B00B5F410 /* Resources */ = {
			isa = PBXGroup;
			children = (
				A79673C91287AD9E003A3C9D /* alarm_clock_2.wav */,
				A72BCC431264199700B5F410 /* Images */,
				A7967239128725C6003A3C9D /* Alarms.plist */,
				A7D4F0E11287C0B800BFFED3 /* EquationViewController.xib */,
				A72BCC211264198B00B5F410 /* NeverSnooze-Info.plist */,
				A72BCC231264198B00B5F410 /* InfoPlist.strings */,
				A72BCC2B1264198C00B5F410 /* MainWindow.xib */,
				A72BCC371264198C00B5F410 /* ClockView.xib */,
			);
			name = Resources;
			sourceTree = "<group>";
		};
		A72BCC131264198B00B5F410 /* Frameworks */ = {
			isa = PBXGroup;
			children = (
				A798597B128CF4660020B9B3 /* AVFoundation.framework */,
				A7985967128CF0780020B9B3 /* AudioToolbox.framework */,
				A72BCC1B1264198B00B5F410 /* UIKit.framework */,
				A72BCC1D1264198B00B5F410 /* Foundation.framework */,
				A72BCC1F1264198B00B5F410 /* CoreGraphics.framework */,
			);
			name = Frameworks;
			sourceTree = "<group>";
		};
		A72BCC191264198B00B5F410 /* Products */ = {
			isa = PBXGroup;
			children = (
				A72BCC181264198B00B5F410 /* NeverSnooze.app */,
			);
			name = Products;
			sourceTree = "<group>";
		};
		A72BCC431264199700B5F410 /* Images */ = {
			isa = PBXGroup;
			children = (
				A7DBAB4B12898F6E000F6CCA /* re.png */,
				A7DBAB6F128B9881000F6CCA /* redelete.png */,
				A7DBAB70128B9881000F6CCA /* review.png */,
				A7DBAB6B128B967C000F6CCA /* rebutton.png */,
				A7DBAB6C128B967C000F6CCA /* rebuttonhover.png */,
				A7DBAB4C12898F6E000F6CCA /* renewequation.png */,
				A7DBAB63128994A2000F6CCA /* reequationhover.png */,
				A7DBAB4D12898F6E000F6CCA /* renotepad.png */,
				A7DBAB4E12898F6E000F6CCA /* resolve.png */,
				A7DBAB4F12898F6E000F6CCA /* resolvehover.png */,
				A783465F1288F326004CF24D /* alarmbg.png */,
				A78346541288EF3F004CF24D /* bg.png */,
				A72BCC45126419D700B5F410 /* 11-clock.png */,
				A72BCC46126419D700B5F410 /* 20-gear2.png */,
				A72BCC47126419D700B5F410 /* 78-stopwatch.png */,
			);
			name = Images;
			sourceTree = "<group>";
		};
/* End PBXGroup section */

/* Begin PBXNativeTarget section */
		A72BCC171264198B00B5F410 /* NeverSnooze */ = {
			isa = PBXNativeTarget;
			buildConfigurationList = A72BCC3C1264198C00B5F410 /* Build configuration list for PBXNativeTarget "NeverSnooze" */;
			buildPhases = (
				A72BCC141264198B00B5F410 /* Sources */,
				A72BCC151264198B00B5F410 /* Frameworks */,
				A72BCC161264198B00B5F410 /* Resources */,
			);
			buildRules = (
			);
			dependencies = (
			);
			name = NeverSnooze;
			productName = NeverSnooze;
			productReference = A72BCC181264198B00B5F410 /* NeverSnooze.app */;
			productType = "com.apple.product-type.application";
		};
/* End PBXNativeTarget section */

/* Begin PBXProject section */
		A72BCC0B1264198B00B5F410 /* Project object */ = {
			isa = PBXProject;
			buildConfigurationList = A72BCC0E1264198B00B5F410 /* Build configuration list for PBXProject "NeverSnooze" */;
			compatibilityVersion = "Xcode 3.2";
			developmentRegion = English;
			hasScannedForEncodings = 0;
			knownRegions = (
				en,
			);
			mainGroup = A72BCC091264198B00B5F410;
			productRefGroup = A72BCC191264198B00B5F410 /* Products */;
			projectDirPath = "";
			projectRoot = "";
			targets = (
				A72BCC171264198B00B5F410 /* NeverSnooze */,
			);
		};
/* End PBXProject section */

/* Begin PBXResourcesBuildPhase section */
		A72BCC161264198B00B5F410 /* Resources */ = {
			isa = PBXResourcesBuildPhase;
			buildActionMask = 2147483647;
			files = (
				A72BCC251264198B00B5F410 /* InfoPlist.strings in Resources */,
				A72BCC2D1264198C00B5F410 /* MainWindow.xib in Resources */,
				A72BCC391264198C00B5F410 /* ClockView.xib in Resources */,
				A72BCC48126419D700B5F410 /* 11-clock.png in Resources */,
				A72BCC49126419D700B5F410 /* 20-gear2.png in Resources */,
				A72BCC4A126419D700B5F410 /* 78-stopwatch.png in Resources */,
				A796723A128725C6003A3C9D /* Alarms.plist in Resources */,
				A79673CA1287AD9E003A3C9D /* alarm_clock_2.wav in Resources */,
				A7D4F0E31287C0B800BFFED3 /* EquationViewController.xib in Resources */,
				A78346551288EF3F004CF24D /* bg.png in Resources */,
				A78346601288F326004CF24D /* alarmbg.png in Resources */,
				A7DBAB5012898F6E000F6CCA /* re.png in Resources */,
				A7DBAB5112898F6E000F6CCA /* renewequation.png in Resources */,
				A7DBAB5212898F6E000F6CCA /* renotepad.png in Resources */,
				A7DBAB5312898F6E000F6CCA /* resolve.png in Resources */,
				A7DBAB5412898F6E000F6CCA /* resolvehover.png in Resources */,
				A7DBAB64128994A2000F6CCA /* reequationhover.png in Resources */,
				A7DBAB6D128B967C000F6CCA /* rebutton.png in Resources */,
				A7DBAB6E128B967C000F6CCA /* rebuttonhover.png in Resources */,
				A7DBAB71128B9881000F6CCA /* redelete.png in Resources */,
				A7DBAB72128B9881000F6CCA /* review.png in Resources */,
			);
			runOnlyForDeploymentPostprocessing = 0;
		};
/* End PBXResourcesBuildPhase section */

/* Begin PBXSourcesBuildPhase section */
		A72BCC141264198B00B5F410 /* Sources */ = {
			isa = PBXSourcesBuildPhase;
			buildActionMask = 2147483647;
			files = (
				A72BCC271264198B00B5F410 /* main.m in Sources */,
				A72BCC2A1264198B00B5F410 /* NeverSnoozeAppDelegate.m in Sources */,
				A73A41FF126E392F009BC468 /* AlarmListController.m in Sources */,
				A7AD8DCC1285F4B200D4E145 /* Alarm.m in Sources */,
				A7AD8E2F1286127500D4E145 /* AlarmEditController.m in Sources */,
				A796730D12878412003A3C9D /* EditableDetailCell.m in Sources */,
				A7D4F0E21287C0B800BFFED3 /* EquationViewController.m in Sources */,
				A7D4F0F71287CEA000BFFED3 /* RandomEquation.m in Sources */,
			);
			runOnlyForDeploymentPostprocessing = 0;
		};
/* End PBXSourcesBuildPhase section */

/* Begin PBXVariantGroup section */
		A72BCC231264198B00B5F410 /* InfoPlist.strings */ = {
			isa = PBXVariantGroup;
			children = (
				A72BCC241264198B00B5F410 /* en */,
			);
			name = InfoPlist.strings;
			sourceTree = "<group>";
		};
		A72BCC2B1264198C00B5F410 /* MainWindow.xib */ = {
			isa = PBXVariantGroup;
			children = (
				A72BCC2C1264198C00B5F410 /* en */,
			);
			name = MainWindow.xib;
			sourceTree = "<group>";
		};
		A72BCC371264198C00B5F410 /* ClockView.xib */ = {
			isa = PBXVariantGroup;
			children = (
				A72BCC381264198C00B5F410 /* ClockView.xib */,
			);
			name = ClockView.xib;
			sourceTree = "<group>";
		};
/* End PBXVariantGroup section */

/* Begin XCBuildConfiguration section */
		A72BCC3A1264198C00B5F410 /* Debug */ = {
			isa = XCBuildConfiguration;
			buildSettings = {
				ARCHS = "$(ARCHS_STANDARD_32_BIT)";
				"CODE_SIGN_IDENTITY[sdk=iphoneos*]" = "iPhone Developer";
				GCC_C_LANGUAGE_STANDARD = gnu99;
				GCC_OPTIMIZATION_LEVEL = 0;
				GCC_PREPROCESSOR_DEFINITIONS = DEBUG;
				GCC_WARN_ABOUT_RETURN_TYPE = YES;
				GCC_WARN_UNUSED_VARIABLE = YES;
				IPHONEOS_DEPLOYMENT_TARGET = 4.1;
				PREBINDING = NO;
				SDKROOT = iphoneos4.1;
			};
			name = Debug;
		};
		A72BCC3B1264198C00B5F410 /* Release */ = {
			isa = XCBuildConfiguration;
			buildSettings = {
				ARCHS = "$(ARCHS_STANDARD_32_BIT)";
				"CODE_SIGN_IDENTITY[sdk=iphoneos*]" = "iPhone Developer";
				GCC_C_LANGUAGE_STANDARD = gnu99;
				GCC_WARN_ABOUT_RETURN_TYPE = YES;
				GCC_WARN_UNUSED_VARIABLE = YES;
				IPHONEOS_DEPLOYMENT_TARGET = 4.1;
				OTHER_CFLAGS = "-DNS_BLOCK_ASSERTIONS=1";
				PREBINDING = NO;
				SDKROOT = iphoneos4.1;
			};
			name = Release;
		};
		A72BCC3D1264198C00B5F410 /* Debug */ = {
			isa = XCBuildConfiguration;
			buildSettings = {
				ALWAYS_SEARCH_USER_PATHS = NO;
				COPY_PHASE_STRIP = NO;
				GCC_DYNAMIC_NO_PIC = NO;
				GCC_PRECOMPILE_PREFIX_HEADER = YES;
				GCC_PREFIX_HEADER = NeverSnooze_Prefix.pch;
				INFOPLIST_FILE = "NeverSnooze-Info.plist";
				PRODUCT_NAME = NeverSnooze;
				WRAPPER_EXTENSION = app;
			};
			name = Debug;
		};
		A72BCC3E1264198C00B5F410 /* Release */ = {
			isa = XCBuildConfiguration;
			buildSettings = {
				ALWAYS_SEARCH_USER_PATHS = NO;
				COPY_PHASE_STRIP = YES;
				GCC_PRECOMPILE_PREFIX_HEADER = YES;
				GCC_PREFIX_HEADER = NeverSnooze_Prefix.pch;
				INFOPLIST_FILE = "NeverSnooze-Info.plist";
				PRODUCT_NAME = NeverSnooze;
				VALIDATE_PRODUCT = YES;
				WRAPPER_EXTENSION = app;
			};
			name = Release;
		};
/* End XCBuildConfiguration section */

/* Begin XCConfigurationList section */
		A72BCC0E1264198B00B5F410 /* Build configuration list for PBXProject "NeverSnooze" */ = {
			isa = XCConfigurationList;
			buildConfigurations = (
				A72BCC3A1264198C00B5F410 /* Debug */,
				A72BCC3B1264198C00B5F410 /* Release */,
			);
			defaultConfigurationIsVisible = 0;
			defaultConfigurationName = Release;
		};
		A72BCC3C1264198C00B5F410 /* Build configuration list for PBXNativeTarget "NeverSnooze" */ = {
			isa = XCConfigurationList;
			buildConfigurations = (
				A72BCC3D1264198C00B5F410 /* Debug */,
				A72BCC3E1264198C00B5F410 /* Release */,
			);
			defaultConfigurationIsVisible = 0;
			defaultConfigurationName = Release;
		};
/* End XCConfigurationList section */
	};
	rootObject = A72BCC0B1264198B00B5F410 /* Project object */;
}
