// !$*UTF8*$!
{
	archiveVersion = 1;
	classes = {
	};
	objectVersion = 46;
	objects = {

/* Begin PBXBuildFile section */
		A72BCC1C1264198B00B5F410 /* UIKit.framework in Frameworks */ = {isa = PBXBuildFile; fileRef = A72BCC1B1264198B00B5F410 /* UIKit.framework */; };
		A72BCC1E1264198B00B5F410 /* Foundation.framework in Frameworks */ = {isa = PBXBuildFile; fileRef = A72BCC1D1264198B00B5F410 /* Foundation.framework */; };
		A72BCC201264198B00B5F410 /* CoreGraphics.framework in Frameworks */ = {isa = PBXBuildFile; fileRef = A72BCC1F1264198B00B5F410 /* CoreGraphics.framework */; };
		A72BCC251264198B00B5F410 /* InfoPlist.strings in Resources */ = {isa = PBXBuildFile; fileRef = A72BCC231264198B00B5F410 /* InfoPlist.strings */; };
		A72BCC271264198B00B5F410 /* main.m in Sources */ = {isa = PBXBuildFile; fileRef = A72BCC261264198B00B5F410 /* main.m */; };
		A72BCC2A1264198B00B5F410 /* NeverSnoozeAppDelegate.m in Sources */ = {isa = PBXBuildFile; fileRef = A72BCC291264198B00B5F410 /* NeverSnoozeAppDelegate.m */; };
		A72BCC2D1264198C00B5F410 /* MainWindow.xib in Resources */ = {isa = PBXBuildFile; fileRef = A72BCC2B1264198C00B5F410 /* MainWindow.xib */; };
		A72BCC391264198C00B5F410 /* ClockView.xib in Resources */ = {isa = PBXBuildFile; fileRef = A72BCC371264198C00B5F410 /* ClockView.xib */; };
		A77E58F21298807100F39BA9 /* 11-clock.png in Resources */ = {isa = PBXBuildFile; fileRef = A77E58E21298807100F39BA9 /* 11-clock.png */; };
		A77E58F31298807100F39BA9 /* 19-gear.png in Resources */ = {isa = PBXBuildFile; fileRef = A77E58E31298807100F39BA9 /* 19-gear.png */; };
		A77E58F41298807100F39BA9 /* 20-gear2.png in Resources */ = {isa = PBXBuildFile; fileRef = A77E58E41298807100F39BA9 /* 20-gear2.png */; };
		A77E58F51298807100F39BA9 /* 78-stopwatch.png in Resources */ = {isa = PBXBuildFile; fileRef = A77E58E51298807100F39BA9 /* 78-stopwatch.png */; };
		A77E58F61298807100F39BA9 /* alarmbg.png in Resources */ = {isa = PBXBuildFile; fileRef = A77E58E61298807100F39BA9 /* alarmbg.png */; };
		A77E58F71298807100F39BA9 /* bg.png in Resources */ = {isa = PBXBuildFile; fileRef = A77E58E71298807100F39BA9 /* bg.png */; };
		A77E58F81298807100F39BA9 /* re.png in Resources */ = {isa = PBXBuildFile; fileRef = A77E58E81298807100F39BA9 /* re.png */; };
		A77E58F91298807100F39BA9 /* rebutton.png in Resources */ = {isa = PBXBuildFile; fileRef = A77E58E91298807100F39BA9 /* rebutton.png */; };
		A77E58FA1298807100F39BA9 /* rebuttonhover.png in Resources */ = {isa = PBXBuildFile; fileRef = A77E58EA1298807100F39BA9 /* rebuttonhover.png */; };
		A77E58FB1298807100F39BA9 /* redelete.png in Resources */ = {isa = PBXBuildFile; fileRef = A77E58EB1298807100F39BA9 /* redelete.png */; };
		A77E58FC1298807100F39BA9 /* reequationhover.png in Resources */ = {isa = PBXBuildFile; fileRef = A77E58EC1298807100F39BA9 /* reequationhover.png */; };
		A77E58FD1298807100F39BA9 /* renewequation.png in Resources */ = {isa = PBXBuildFile; fileRef = A77E58ED1298807100F39BA9 /* renewequation.png */; };
		A77E58FE1298807100F39BA9 /* renotepad.png in Resources */ = {isa = PBXBuildFile; fileRef = A77E58EE1298807100F39BA9 /* renotepad.png */; };
		A77E58FF1298807100F39BA9 /* resolve.png in Resources */ = {isa = PBXBuildFile; fileRef = A77E58EF1298807100F39BA9 /* resolve.png */; };
		A77E59001298807100F39BA9 /* resolvehover.png in Resources */ = {isa = PBXBuildFile; fileRef = A77E58F01298807100F39BA9 /* resolvehover.png */; };
		A77E59011298807100F39BA9 /* review.png in Resources */ = {isa = PBXBuildFile; fileRef = A77E58F11298807100F39BA9 /* review.png */; };
		A77E59041298808700F39BA9 /* alarm_clock_2.wav in Resources */ = {isa = PBXBuildFile; fileRef = A77E59031298808700F39BA9 /* alarm_clock_2.wav */; };
		A77E590B129880CB00F39BA9 /* AlarmListController.m in Sources */ = {isa = PBXBuildFile; fileRef = A77E5908129880CB00F39BA9 /* AlarmListController.m */; };
		A77E590C129880CB00F39BA9 /* EquationViewController.m in Sources */ = {isa = PBXBuildFile; fileRef = A77E590A129880CB00F39BA9 /* EquationViewController.m */; };
		A77E59181298810200F39BA9 /* AdditionNode.m in Sources */ = {isa = PBXBuildFile; fileRef = A77E59101298810200F39BA9 /* AdditionNode.m */; };
		A77E59191298810200F39BA9 /* RandomEquation.m in Sources */ = {isa = PBXBuildFile; fileRef = A77E59131298810200F39BA9 /* RandomEquation.m */; };
		A77E591A1298810200F39BA9 /* SubtractionNode.m in Sources */ = {isa = PBXBuildFile; fileRef = A77E59151298810200F39BA9 /* SubtractionNode.m */; };
		A77E591B1298810200F39BA9 /* ValueNode.m in Sources */ = {isa = PBXBuildFile; fileRef = A77E59171298810200F39BA9 /* ValueNode.m */; };
		A796723A128725C6003A3C9D /* Alarms.plist in Resources */ = {isa = PBXBuildFile; fileRef = A7967239128725C6003A3C9D /* Alarms.plist */; };
		A796730D12878412003A3C9D /* EditableDetailCell.m in Sources */ = {isa = PBXBuildFile; fileRef = A796730C12878412003A3C9D /* EditableDetailCell.m */; };
		A7985968128CF0780020B9B3 /* AudioToolbox.framework in Frameworks */ = {isa = PBXBuildFile; fileRef = A7985967128CF0780020B9B3 /* AudioToolbox.framework */; };
		A798597C128CF4660020B9B3 /* AVFoundation.framework in Frameworks */ = {isa = PBXBuildFile; fileRef = A798597B128CF4660020B9B3 /* AVFoundation.framework */; };
		A7AD8DCC1285F4B200D4E145 /* Alarm.m in Sources */ = {isa = PBXBuildFile; fileRef = A7AD8DCB1285F4B200D4E145 /* Alarm.m */; };
		A7AD8E2F1286127500D4E145 /* AlarmEditController.m in Sources */ = {isa = PBXBuildFile; fileRef = A7AD8E2E1286127500D4E145 /* AlarmEditController.m */; };
/* End PBXBuildFile section */

/* Begin PBXFileReference section */
		A72BCC181264198B00B5F410 /* NeverSnooze.app */ = {isa = PBXFileReference; explicitFileType = wrapper.application; includeInIndex = 0; path = NeverSnooze.app; sourceTree = BUILT_PRODUCTS_DIR; };
		A72BCC1B1264198B00B5F410 /* UIKit.framework */ = {isa = PBXFileReference; lastKnownFileType = wrapper.framework; name = UIKit.framework; path = System/Library/Frameworks/UIKit.framework; sourceTree = SDKROOT; };
		A72BCC1D1264198B00B5F410 /* Foundation.framework */ = {isa = PBXFileReference; lastKnownFileType = wrapper.framework; name = Foundation.framework; path = System/Library/Frameworks/Foundation.framework; sourceTree = SDKROOT; };
		A72BCC1F1264198B00B5F410 /* CoreGraphics.framework */ = {isa = PBXFileReference; lastKnownFileType = wrapper.framework; name = CoreGraphics.framework; path = System/Library/Frameworks/CoreGraphics.framework; sourceTree = SDKROOT; };
		A72BCC211264198B00B5F410 /* NeverSnooze-Info.plist */ = {isa = PBXFileReference; lastKnownFileType = text.plist.xml; path = "NeverSnooze-Info.plist"; sourceTree = "<group>"; };
		A72BCC221264198B00B5F410 /* NeverSnooze_Prefix.pch */ = {isa = PBXFileReference; lastKnownFileType = sourcecode.c.h; path = NeverSnooze_Prefix.pch; sourceTree = "<group>"; };
		A72BCC241264198B00B5F410 /* en */ = {isa = PBXFileReference; lastKnownFileType = text.plist.strings; name = en; path = en.lproj/InfoPlist.strings; sourceTree = "<group>"; };
		A72BCC261264198B00B5F410 /* main.m */ = {isa = PBXFileReference; lastKnownFileType = sourcecode.c.objc; path = main.m; sourceTree = "<group>"; };
		A72BCC281264198B00B5F410 /* NeverSnoozeAppDelegate.h */ = {isa = PBXFileReference; lastKnownFileType = sourcecode.c.h; path = NeverSnoozeAppDelegate.h; sourceTree = "<group>"; };
		A72BCC291264198B00B5F410 /* NeverSnoozeAppDelegate.m */ = {isa = PBXFileReference; lastKnownFileType = sourcecode.c.objc; path = NeverSnoozeAppDelegate.m; sourceTree = "<group>"; };
		A72BCC2C1264198C00B5F410 /* en */ = {isa = PBXFileReference; lastKnownFileType = file.xib; name = en; path = en.lproj/MainWindow.xib; sourceTree = "<group>"; };
		A72BCC381264198C00B5F410 /* ClockView.xib */ = {isa = PBXFileReference; lastKnownFileType = file.xib; name = ClockView.xib; path = en.lproj/ClockView.xib; sourceTree = "<group>"; };
		A77E58E21298807100F39BA9 /* 11-clock.png */ = {isa = PBXFileReference; lastKnownFileType = image.png; path = "11-clock.png"; sourceTree = "<group>"; };
		A77E58E31298807100F39BA9 /* 19-gear.png */ = {isa = PBXFileReference; lastKnownFileType = image.png; path = "19-gear.png"; sourceTree = "<group>"; };
		A77E58E41298807100F39BA9 /* 20-gear2.png */ = {isa = PBXFileReference; lastKnownFileType = image.png; path = "20-gear2.png"; sourceTree = "<group>"; };
		A77E58E51298807100F39BA9 /* 78-stopwatch.png */ = {isa = PBXFileReference; lastKnownFileType = image.png; path = "78-stopwatch.png"; sourceTree = "<group>"; };
		A77E58E61298807100F39BA9 /* alarmbg.png */ = {isa = PBXFileReference; lastKnownFileType = image.png; path = alarmbg.png; sourceTree = "<group>"; };
		A77E58E71298807100F39BA9 /* bg.png */ = {isa = PBXFileReference; lastKnownFileType = image.png; path = bg.png; sourceTree = "<group>"; };
		A77E58E81298807100F39BA9 /* re.png */ = {isa = PBXFileReference; lastKnownFileType = image.png; path = re.png; sourceTree = "<group>"; };
		A77E58E91298807100F39BA9 /* rebutton.png */ = {isa = PBXFileReference; lastKnownFileType = image.png; path = rebutton.png; sourceTree = "<group>"; };
		A77E58EA1298807100F39BA9 /* rebuttonhover.png */ = {isa = PBXFileReference; lastKnownFileType = image.png; path = rebuttonhover.png; sourceTree = "<group>"; };
		A77E58EB1298807100F39BA9 /* redelete.png */ = {isa = PBXFileReference; lastKnownFileType = image.png; path = redelete.png; sourceTree = "<group>"; };
		A77E58EC1298807100F39BA9 /* reequationhover.png */ = {isa = PBXFileReference; lastKnownFileType = image.png; path = reequationhover.png; sourceTree = "<group>"; };
		A77E58ED1298807100F39BA9 /* renewequation.png */ = {isa = PBXFileReference; lastKnownFileType = image.png; path = renewequation.png; sourceTree = "<group>"; };
		A77E58EE1298807100F39BA9 /* renotepad.png */ = {isa = PBXFileReference; lastKnownFileType = image.png; path = renotepad.png; sourceTree = "<group>"; };
		A77E58EF1298807100F39BA9 /* resolve.png */ = {isa = PBXFileReference; lastKnownFileType = image.png; path = resolve.png; sourceTree = "<group>"; };
		A77E58F01298807100F39BA9 /* resolvehover.png */ = {isa = PBXFileReference; lastKnownFileType = image.png; path = resolvehover.png; sourceTree = "<group>"; };
		A77E58F11298807100F39BA9 /* review.png */ = {isa = PBXFileReference; lastKnownFileType = image.png; path = review.png; sourceTree = "<group>"; };
		A77E59031298808700F39BA9 /* alarm_clock_2.wav */ = {isa = PBXFileReference; lastKnownFileType = audio.wav; path = alarm_clock_2.wav; sourceTree = "<group>"; };
		A77E59061298809800F39BA9 /* en */ = {isa = PBXFileReference; fileEncoding = 4; lastKnownFileType = file.xib; name = en; path = en.lproj/EquationViewController.xib; sourceTree = "<group>"; };
		A77E5907129880CB00F39BA9 /* AlarmListController.h */ = {isa = PBXFileReference; fileEncoding = 4; lastKnownFileType = sourcecode.c.h; path = AlarmListController.h; sourceTree = "<group>"; };
		A77E5908129880CB00F39BA9 /* AlarmListController.m */ = {isa = PBXFileReference; fileEncoding = 4; lastKnownFileType = sourcecode.c.objc; path = AlarmListController.m; sourceTree = "<group>"; };
		A77E5909129880CB00F39BA9 /* EquationViewController.h */ = {isa = PBXFileReference; fileEncoding = 4; lastKnownFileType = sourcecode.c.h; path = EquationViewController.h; sourceTree = "<group>"; };
		A77E590A129880CB00F39BA9 /* EquationViewController.m */ = {isa = PBXFileReference; fileEncoding = 4; lastKnownFileType = sourcecode.c.objc; path = EquationViewController.m; sourceTree = "<group>"; };
		A77E590F1298810200F39BA9 /* AdditionNode.h */ = {isa = PBXFileReference; fileEncoding = 4; lastKnownFileType = sourcecode.c.h; path = AdditionNode.h; sourceTree = "<group>"; };
		A77E59101298810200F39BA9 /* AdditionNode.m */ = {isa = PBXFileReference; fileEncoding = 4; lastKnownFileType = sourcecode.c.objc; path = AdditionNode.m; sourceTree = "<group>"; };
		A77E59111298810200F39BA9 /* EquationNode.h */ = {isa = PBXFileReference; fileEncoding = 4; lastKnownFileType = sourcecode.c.h; path = EquationNode.h; sourceTree = "<group>"; };
		A77E59121298810200F39BA9 /* RandomEquation.h */ = {isa = PBXFileReference; fileEncoding = 4; lastKnownFileType = sourcecode.c.h; path = RandomEquation.h; sourceTree = "<group>"; };
		A77E59131298810200F39BA9 /* RandomEquation.m */ = {isa = PBXFileReference; fileEncoding = 4; lastKnownFileType = sourcecode.c.objc; path = RandomEquation.m; sourceTree = "<group>"; };
		A77E59141298810200F39BA9 /* SubtractionNode.h */ = {isa = PBXFileReference; fileEncoding = 4; lastKnownFileType = sourcecode.c.h; path = SubtractionNode.h; sourceTree = "<group>"; };
		A77E59151298810200F39BA9 /* SubtractionNode.m */ = {isa = PBXFileReference; fileEncoding = 4; lastKnownFileType = sourcecode.c.objc; path = SubtractionNode.m; sourceTree = "<group>"; };
		A77E59161298810200F39BA9 /* ValueNode.h */ = {isa = PBXFileReference; fileEncoding = 4; lastKnownFileType = sourcecode.c.h; path = ValueNode.h; sourceTree = "<group>"; };
		A77E59171298810200F39BA9 /* ValueNode.m */ = {isa = PBXFileReference; fileEncoding = 4; lastKnownFileType = sourcecode.c.objc; path = ValueNode.m; sourceTree = "<group>"; };
		A7967239128725C6003A3C9D /* Alarms.plist */ = {isa = PBXFileReference; fileEncoding = 4; lastKnownFileType = text.plist.xml; path = Alarms.plist; sourceTree = "<group>"; };
		A796730B12878412003A3C9D /* EditableDetailCell.h */ = {isa = PBXFileReference; fileEncoding = 4; lastKnownFileType = sourcecode.c.h; path = EditableDetailCell.h; sourceTree = "<group>"; };
		A796730C12878412003A3C9D /* EditableDetailCell.m */ = {isa = PBXFileReference; fileEncoding = 4; lastKnownFileType = sourcecode.c.objc; path = EditableDetailCell.m; sourceTree = "<group>"; };
		A7985967128CF0780020B9B3 /* AudioToolbox.framework */ = {isa = PBXFileReference; lastKnownFileType = wrapper.framework; path = AudioToolbox.framework; sourceTree = "<group>"; };
		A798597B128CF4660020B9B3 /* AVFoundation.framework */ = {isa = PBXFileReference; lastKnownFileType = wrapper.framework; path = AVFoundation.framework; sourceTree = "<group>"; };
		A7AD8DCA1285F4B200D4E145 /* Alarm.h */ = {isa = PBXFileReference; fileEncoding = 4; lastKnownFileType = sourcecode.c.h; path = Alarm.h; sourceTree = "<group>"; };
		A7AD8DCB1285F4B200D4E145 /* Alarm.m */ = {isa = PBXFileReference; fileEncoding = 4; lastKnownFileType = sourcecode.c.objc; path = Alarm.m; sourceTree = "<group>"; };
		A7AD8E2D1286127500D4E145 /* AlarmEditController.h */ = {isa = PBXFileReference; fileEncoding = 4; lastKnownFileType = sourcecode.c.h; path = AlarmEditController.h; sourceTree = "<group>"; };
		A7AD8E2E1286127500D4E145 /* AlarmEditController.m */ = {isa = PBXFileReference; fileEncoding = 4; lastKnownFileType = sourcecode.c.objc; path = AlarmEditController.m; sourceTree = "<group>"; };
/* End PBXFileReference section */

/* Begin PBXFrameworksBuildPhase section */
		A72BCC151264198B00B5F410 /* Frameworks */ = {
			isa = PBXFrameworksBuildPhase;
			buildActionMask = 2147483647;
			files = (
				A798597C128CF4660020B9B3 /* AVFoundation.framework in Frameworks */,
				A7985968128CF0780020B9B3 /* AudioToolbox.framework in Frameworks */,
				A72BCC1C1264198B00B5F410 /* UIKit.framework in Frameworks */,
				A72BCC1E1264198B00B5F410 /* Foundation.framework in Frameworks */,
				A72BCC201264198B00B5F410 /* CoreGraphics.framework in Frameworks */,
			);
			runOnlyForDeploymentPostprocessing = 0;
		};
/* End PBXFrameworksBuildPhase section */

/* Begin PBXGroup section */
		A72BCC091264198B00B5F410 = {
			isa = PBXGroup;
			children = (
				A72BCC101264198B00B5F410 /* Classes */,
				A72BCC111264198B00B5F410 /* Other Sources */,
				A72BCC121264198B00B5F410 /* Resources */,
				A72BCC131264198B00B5F410 /* Frameworks */,
				A72BCC191264198B00B5F410 /* Products */,
			);
			sourceTree = "<group>";
		};
		A72BCC101264198B00B5F410 /* Classes */ = {
			isa = PBXGroup;
			children = (
				A77E590E1298810200F39BA9 /* RandomEquation */,
				A77E5907129880CB00F39BA9 /* AlarmListController.h */,
				A77E5908129880CB00F39BA9 /* AlarmListController.m */,
				A77E5909129880CB00F39BA9 /* EquationViewController.h */,
				A77E590A129880CB00F39BA9 /* EquationViewController.m */,
				A796730B12878412003A3C9D /* EditableDetailCell.h */,
				A796730C12878412003A3C9D /* EditableDetailCell.m */,
				A72BCC281264198B00B5F410 /* NeverSnoozeAppDelegate.h */,
				A72BCC291264198B00B5F410 /* NeverSnoozeAppDelegate.m */,
				A7AD8E2D1286127500D4E145 /* AlarmEditController.h */,
				A7AD8E2E1286127500D4E145 /* AlarmEditController.m */,
				A7AD8DCA1285F4B200D4E145 /* Alarm.h */,
				A7AD8DCB1285F4B200D4E145 /* Alarm.m */,
			);
			path = Classes;
			sourceTree = "<group>";
		};
		A72BCC111264198B00B5F410 /* Other Sources */ = {
			isa = PBXGroup;
			children = (
				A72BCC221264198B00B5F410 /* NeverSnooze_Prefix.pch */,
				A72BCC261264198B00B5F410 /* main.m */,
			);
			name = "Other Sources";
			sourceTree = "<group>";
		};
		A72BCC121264198B00B5F410 /* Resources */ = {
			isa = PBXGroup;
			children = (
				A77E59021298808700F39BA9 /* Sounds */,
				A77E58E11298807100F39BA9 /* Images */,
				A7967239128725C6003A3C9D /* Alarms.plist */,
				A72BCC211264198B00B5F410 /* NeverSnooze-Info.plist */,
				A72BCC231264198B00B5F410 /* InfoPlist.strings */,
				A77E59051298809800F39BA9 /* EquationViewController.xib */,
				A72BCC2B1264198C00B5F410 /* MainWindow.xib */,
				A72BCC371264198C00B5F410 /* ClockView.xib */,
			);
			name = Resources;
			sourceTree = "<group>";
		};
		A72BCC131264198B00B5F410 /* Frameworks */ = {
			isa = PBXGroup;
			children = (
				A798597B128CF4660020B9B3 /* AVFoundation.framework */,
				A7985967128CF0780020B9B3 /* AudioToolbox.framework */,
				A72BCC1B1264198B00B5F410 /* UIKit.framework */,
				A72BCC1D1264198B00B5F410 /* Foundation.framework */,
				A72BCC1F1264198B00B5F410 /* CoreGraphics.framework */,
			);
			name = Frameworks;
			sourceTree = "<group>";
		};
		A72BCC191264198B00B5F410 /* Products */ = {
			isa = PBXGroup;
			children = (
				A72BCC181264198B00B5F410 /* NeverSnooze.app */,
			);
			name = Products;
			sourceTree = "<group>";
		};
		A77E58E11298807100F39BA9 /* Images */ = {
			isa = PBXGroup;
			children = (
				A77E58E21298807100F39BA9 /* 11-clock.png */,
				A77E58E31298807100F39BA9 /* 19-gear.png */,
				A77E58E41298807100F39BA9 /* 20-gear2.png */,
				A77E58E51298807100F39BA9 /* 78-stopwatch.png */,
				A77E58E61298807100F39BA9 /* alarmbg.png */,
				A77E58E71298807100F39BA9 /* bg.png */,
				A77E58E81298807100F39BA9 /* re.png */,
				A77E58E91298807100F39BA9 /* rebutton.png */,
				A77E58EA1298807100F39BA9 /* rebuttonhover.png */,
				A77E58EB1298807100F39BA9 /* redelete.png */,
				A77E58EC1298807100F39BA9 /* reequationhover.png */,
				A77E58ED1298807100F39BA9 /* renewequation.png */,
				A77E58EE1298807100F39BA9 /* renotepad.png */,
				A77E58EF1298807100F39BA9 /* resolve.png */,
				A77E58F01298807100F39BA9 /* resolvehover.png */,
				A77E58F11298807100F39BA9 /* review.png */,
			);
			path = Images;
			sourceTree = "<group>";
		};
		A77E59021298808700F39BA9 /* Sounds */ = {
			isa = PBXGroup;
			children = (
				A77E59031298808700F39BA9 /* alarm_clock_2.wav */,
			);
			path = Sounds;
			sourceTree = "<group>";
		};
		A77E590E1298810200F39BA9 /* RandomEquation */ = {
			isa = PBXGroup;
			children = (
				A77E590F1298810200F39BA9 /* AdditionNode.h */,
				A77E59101298810200F39BA9 /* AdditionNode.m */,
				A77E59111298810200F39BA9 /* EquationNode.h */,
				A77E59121298810200F39BA9 /* RandomEquation.h */,
				A77E59131298810200F39BA9 /* RandomEquation.m */,
				A77E59141298810200F39BA9 /* SubtractionNode.h */,
				A77E59151298810200F39BA9 /* SubtractionNode.m */,
				A77E59161298810200F39BA9 /* ValueNode.h */,
				A77E59171298810200F39BA9 /* ValueNode.m */,
			);
			path = RandomEquation;
			sourceTree = "<group>";
		};
/* End PBXGroup section */

/* Begin PBXNativeTarget section */
		A72BCC171264198B00B5F410 /* NeverSnooze */ = {
			isa = PBXNativeTarget;
			buildConfigurationList = A72BCC3C1264198C00B5F410 /* Build configuration list for PBXNativeTarget "NeverSnooze" */;
			buildPhases = (
				A72BCC141264198B00B5F410 /* Sources */,
				A72BCC151264198B00B5F410 /* Frameworks */,
				A72BCC161264198B00B5F410 /* Resources */,
			);
			buildRules = (
			);
			dependencies = (
			);
			name = NeverSnooze;
			productName = NeverSnooze;
			productReference = A72BCC181264198B00B5F410 /* NeverSnooze.app */;
			productType = "com.apple.product-type.application";
		};
/* End PBXNativeTarget section */

/* Begin PBXProject section */
		A72BCC0B1264198B00B5F410 /* Project object */ = {
			isa = PBXProject;
			buildConfigurationList = A72BCC0E1264198B00B5F410 /* Build configuration list for PBXProject "NeverSnooze" */;
			compatibilityVersion = "Xcode 3.2";
			developmentRegion = English;
			hasScannedForEncodings = 0;
			knownRegions = (
				en,
			);
			mainGroup = A72BCC091264198B00B5F410;
			productRefGroup = A72BCC191264198B00B5F410 /* Products */;
			projectDirPath = "";
			projectRoot = "";
			targets = (
				A72BCC171264198B00B5F410 /* NeverSnooze */,
			);
		};
/* End PBXProject section */

/* Begin PBXResourcesBuildPhase section */
		A72BCC161264198B00B5F410 /* Resources */ = {
			isa = PBXResourcesBuildPhase;
			buildActionMask = 2147483647;
			files = (
				A72BCC251264198B00B5F410 /* InfoPlist.strings in Resources */,
				A72BCC2D1264198C00B5F410 /* MainWindow.xib in Resources */,
				A72BCC391264198C00B5F410 /* ClockView.xib in Resources */,
				A796723A128725C6003A3C9D /* Alarms.plist in Resources */,
				A77E58F21298807100F39BA9 /* 11-clock.png in Resources */,
				A77E58F31298807100F39BA9 /* 19-gear.png in Resources */,
				A77E58F41298807100F39BA9 /* 20-gear2.png in Resources */,
				A77E58F51298807100F39BA9 /* 78-stopwatch.png in Resources */,
				A77E58F61298807100F39BA9 /* alarmbg.png in Resources */,
				A77E58F71298807100F39BA9 /* bg.png in Resources */,
				A77E58F81298807100F39BA9 /* re.png in Resources */,
				A77E58F91298807100F39BA9 /* rebutton.png in Resources */,
				A77E58FA1298807100F39BA9 /* rebuttonhover.png in Resources */,
				A77E58FB1298807100F39BA9 /* redelete.png in Resources */,
				A77E58FC1298807100F39BA9 /* reequationhover.png in Resources */,
				A77E58FD1298807100F39BA9 /* renewequation.png in Resources */,
				A77E58FE1298807100F39BA9 /* renotepad.png in Resources */,
				A77E58FF1298807100F39BA9 /* resolve.png in Resources */,
				A77E59001298807100F39BA9 /* resolvehover.png in Resources */,
				A77E59011298807100F39BA9 /* review.png in Resources */,
				A77E59041298808700F39BA9 /* alarm_clock_2.wav in Resources */,
			);
			runOnlyForDeploymentPostprocessing = 0;
		};
/* End PBXResourcesBuildPhase section */

/* Begin PBXSourcesBuildPhase section */
		A72BCC141264198B00B5F410 /* Sources */ = {
			isa = PBXSourcesBuildPhase;
			buildActionMask = 2147483647;
			files = (
				A72BCC271264198B00B5F410 /* main.m in Sources */,
				A72BCC2A1264198B00B5F410 /* NeverSnoozeAppDelegate.m in Sources */,
				A7AD8DCC1285F4B200D4E145 /* Alarm.m in Sources */,
				A7AD8E2F1286127500D4E145 /* AlarmEditController.m in Sources */,
				A796730D12878412003A3C9D /* EditableDetailCell.m in Sources */,
				A77E590B129880CB00F39BA9 /* AlarmListController.m in Sources */,
				A77E590C129880CB00F39BA9 /* EquationViewController.m in Sources */,
				A77E59181298810200F39BA9 /* AdditionNode.m in Sources */,
				A77E59191298810200F39BA9 /* RandomEquation.m in Sources */,
				A77E591A1298810200F39BA9 /* SubtractionNode.m in Sources */,
				A77E591B1298810200F39BA9 /* ValueNode.m in Sources */,
			);
			runOnlyForDeploymentPostprocessing = 0;
		};
/* End PBXSourcesBuildPhase section */

/* Begin PBXVariantGroup section */
		A72BCC231264198B00B5F410 /* InfoPlist.strings */ = {
			isa = PBXVariantGroup;
			children = (
				A72BCC241264198B00B5F410 /* en */,
			);
			name = InfoPlist.strings;
			sourceTree = "<group>";
		};
		A72BCC2B1264198C00B5F410 /* MainWindow.xib */ = {
			isa = PBXVariantGroup;
			children = (
				A72BCC2C1264198C00B5F410 /* en */,
			);
			name = MainWindow.xib;
			sourceTree = "<group>";
		};
		A72BCC371264198C00B5F410 /* ClockView.xib */ = {
			isa = PBXVariantGroup;
			children = (
				A72BCC381264198C00B5F410 /* ClockView.xib */,
			);
			name = ClockView.xib;
			sourceTree = "<group>";
		};
		A77E59051298809800F39BA9 /* EquationViewController.xib */ = {
			isa = PBXVariantGroup;
			children = (
				A77E59061298809800F39BA9 /* en */,
			);
			name = EquationViewController.xib;
			sourceTree = "<group>";
		};
/* End PBXVariantGroup section */

/* Begin XCBuildConfiguration section */
		A72BCC3A1264198C00B5F410 /* Debug */ = {
			isa = XCBuildConfiguration;
			buildSettings = {
				ARCHS = "$(ARCHS_STANDARD_32_BIT)";
				"CODE_SIGN_IDENTITY[sdk=iphoneos*]" = "iPhone Developer";
				GCC_C_LANGUAGE_STANDARD = gnu99;
				GCC_OPTIMIZATION_LEVEL = 0;
				GCC_PREPROCESSOR_DEFINITIONS = DEBUG;
				GCC_WARN_ABOUT_RETURN_TYPE = YES;
				GCC_WARN_UNUSED_VARIABLE = YES;
				IPHONEOS_DEPLOYMENT_TARGET = 4.1;
				PREBINDING = NO;
				SDKROOT = iphoneos4.1;
			};
			name = Debug;
		};
		A72BCC3B1264198C00B5F410 /* Release */ = {
			isa = XCBuildConfiguration;
			buildSettings = {
				ARCHS = "$(ARCHS_STANDARD_32_BIT)";
				"CODE_SIGN_IDENTITY[sdk=iphoneos*]" = "iPhone Developer";
				GCC_C_LANGUAGE_STANDARD = gnu99;
				GCC_WARN_ABOUT_RETURN_TYPE = YES;
				GCC_WARN_UNUSED_VARIABLE = YES;
				IPHONEOS_DEPLOYMENT_TARGET = 4.1;
				OTHER_CFLAGS = "-DNS_BLOCK_ASSERTIONS=1";
				PREBINDING = NO;
				SDKROOT = iphoneos4.1;
			};
			name = Release;
		};
		A72BCC3D1264198C00B5F410 /* Debug */ = {
			isa = XCBuildConfiguration;
			buildSettings = {
				ALWAYS_SEARCH_USER_PATHS = NO;
				COPY_PHASE_STRIP = NO;
				GCC_DYNAMIC_NO_PIC = NO;
				GCC_PRECOMPILE_PREFIX_HEADER = YES;
				GCC_PREFIX_HEADER = NeverSnooze_Prefix.pch;
				INFOPLIST_FILE = "NeverSnooze-Info.plist";
				PRODUCT_NAME = NeverSnooze;
				WRAPPER_EXTENSION = app;
			};
			name = Debug;
		};
		A72BCC3E1264198C00B5F410 /* Release */ = {
			isa = XCBuildConfiguration;
			buildSettings = {
				ALWAYS_SEARCH_USER_PATHS = NO;
				COPY_PHASE_STRIP = YES;
				GCC_PRECOMPILE_PREFIX_HEADER = YES;
				GCC_PREFIX_HEADER = NeverSnooze_Prefix.pch;
				INFOPLIST_FILE = "NeverSnooze-Info.plist";
				PRODUCT_NAME = NeverSnooze;
				VALIDATE_PRODUCT = YES;
				WRAPPER_EXTENSION = app;
			};
			name = Release;
		};
/* End XCBuildConfiguration section */

/* Begin XCConfigurationList section */
		A72BCC0E1264198B00B5F410 /* Build configuration list for PBXProject "NeverSnooze" */ = {
			isa = XCConfigurationList;
			buildConfigurations = (
				A72BCC3A1264198C00B5F410 /* Debug */,
				A72BCC3B1264198C00B5F410 /* Release */,
			);
			defaultConfigurationIsVisible = 0;
			defaultConfigurationName = Release;
		};
		A72BCC3C1264198C00B5F410 /* Build configuration list for PBXNativeTarget "NeverSnooze" */ = {
			isa = XCConfigurationList;
			buildConfigurations = (
				A72BCC3D1264198C00B5F410 /* Debug */,
				A72BCC3E1264198C00B5F410 /* Release */,
			);
			defaultConfigurationIsVisible = 0;
			defaultConfigurationName = Release;
		};
/* End XCConfigurationList section */
	};
	rootObject = A72BCC0B1264198B00B5F410 /* Project object */;
}
